
Microsoft Visual Studio Solution File, Format Version 12.00
# Visual Studio Version 17
VisualStudioVersion = 17.2.32616.157
MinimumVisualStudioVersion = 10.0.40219.1
Project("{FAE04EC0-301F-11D3-BF4B-00C04F79EFBC}") = "E_Mart.Android", "E_Mart\E_Mart.Android\E_Mart.Android.csproj", "{681C8E32-A3E6-4828-8B7E-99CA5C330D17}"
EndProject
Project("{FAE04EC0-301F-11D3-BF4B-00C04F79EFBC}") = "E_Mart.iOS", "E_Mart\E_Mart.iOS\E_Mart.iOS.csproj", "{29D79A6E-B4FA-4188-BF97-0ACA379C018F}"
EndProject
Project("{FAE04EC0-301F-11D3-BF4B-00C04F79EFBC}") = "E_Mart", "E_Mart\E_Mart\E_Mart.csproj", "{BA72189B-96A6-4AC9-8F1C-742E9DC38F25}"
EndProject
Global
	GlobalSection(SolutionConfigurationPlatforms) = preSolution
		Debug|Any CPU = Debug|Any CPU
		Debug|iPhone = Debug|iPhone
		Debug|iPhoneSimulator = Debug|iPhoneSimulator
		Release|Any CPU = Release|Any CPU
		Release|iPhone = Release|iPhone
		Release|iPhoneSimulator = Release|iPhoneSimulator
	EndGlobalSection
	GlobalSection(ProjectConfigurationPlatforms) = postSolution
		{681C8E32-A3E6-4828-8B7E-99CA5C330D17}.Debug|Any CPU.ActiveCfg = Debug|Any CPU
		{681C8E32-A3E6-4828-8B7E-99CA5C330D17}.Debug|Any CPU.Build.0 = Debug|Any CPU
		{681C8E32-A3E6-4828-8B7E-99CA5C330D17}.Debug|Any CPU.Deploy.0 = Debug|Any CPU
		{681C8E32-A3E6-4828-8B7E-99CA5C330D17}.Debug|iPhone.ActiveCfg = Debug|Any CPU
		{681C8E32-A3E6-4828-8B7E-99CA5C330D17}.Debug|iPhone.Build.0 = Debug|Any CPU
		{681C8E32-A3E6-4828-8B7E-99CA5C330D17}.Debug|iPhone.Deploy.0 = Debug|Any CPU
		{681C8E32-A3E6-4828-8B7E-99CA5C330D17}.Debug|iPhoneSimulator.ActiveCfg = Debug|Any CPU
		{681C8E32-A3E6-4828-8B7E-99CA5C330D17}.Debug|iPhoneSimulator.Build.0 = Debug|Any CPU
		{681C8E32-A3E6-4828-8B7E-99CA5C330D17}.Debug|iPhoneSimulator.Deploy.0 = Debug|Any CPU
		{681C8E32-A3E6-4828-8B7E-99CA5C330D17}.Release|Any CPU.ActiveCfg = Release|Any CPU
		{681C8E32-A3E6-4828-8B7E-99CA5C330D17}.Release|Any CPU.Build.0 = Release|Any CPU
		{681C8E32-A3E6-4828-8B7E-99CA5C330D17}.Release|Any CPU.Deploy.0 = Release|Any CPU
		{681C8E32-A3E6-4828-8B7E-99CA5C330D17}.Release|iPhone.ActiveCfg = Release|Any CPU
		{681C8E32-A3E6-4828-8B7E-99CA5C330D17}.Release|iPhone.Build.0 = Release|Any CPU
		{681C8E32-A3E6-4828-8B7E-99CA5C330D17}.Release|iPhone.Deploy.0 = Release|Any CPU
		{681C8E32-A3E6-4828-8B7E-99CA5C330D17}.Release|iPhoneSimulator.ActiveCfg = Release|Any CPU
		{681C8E32-A3E6-4828-8B7E-99CA5C330D17}.Release|iPhoneSimulator.Build.0 = Release|Any CPU
		{681C8E32-A3E6-4828-8B7E-99CA5C330D17}.Release|iPhoneSimulator.Deploy.0 = Release|Any CPU
		{29D79A6E-B4FA-4188-BF97-0ACA379C018F}.Debug|Any CPU.ActiveCfg = Debug|iPhone
		{29D79A6E-B4FA-4188-BF97-0ACA379C018F}.Debug|Any CPU.Build.0 = Debug|iPhone
		{29D79A6E-B4FA-4188-BF97-0ACA379C018F}.Debug|Any CPU.Deploy.0 = Debug|iPhone
		{29D79A6E-B4FA-4188-BF97-0ACA379C018F}.Debug|iPhone.ActiveCfg = Debug|iPhone
		{29D79A6E-B4FA-4188-BF97-0ACA379C018F}.Debug|iPhone.Build.0 = Debug|iPhone
		{29D79A6E-B4FA-4188-BF97-0ACA379C018F}.Debug|iPhone.Deploy.0 = Debug|iPhone
		{29D79A6E-B4FA-4188-BF97-0ACA379C018F}.Debug|iPhoneSimulator.ActiveCfg = Debug|iPhoneSimulator
		{29D79A6E-B4FA-4188-BF97-0ACA379C018F}.Debug|iPhoneSimulator.Build.0 = Debug|iPhoneSimulator
		{29D79A6E-B4FA-4188-BF97-0ACA379C018F}.Debug|iPhoneSimulator.Deploy.0 = Debug|iPhoneSimulator
		{29D79A6E-B4FA-4188-BF97-0ACA379C018F}.Release|Any CPU.ActiveCfg = Release|iPhoneSimulator
		{29D79A6E-B4FA-4188-BF97-0ACA379C018F}.Release|Any CPU.Build.0 = Release|iPhoneSimulator
		{29D79A6E-B4FA-4188-BF97-0ACA379C018F}.Release|Any CPU.Deploy.0 = Release|iPhoneSimulator
		{29D79A6E-B4FA-4188-BF97-0ACA379C018F}.Release|iPhone.ActiveCfg = Release|iPhone
		{29D79A6E-B4FA-4188-BF97-0ACA379C018F}.Release|iPhone.Build.0 = Release|iPhone
		{29D79A6E-B4FA-4188-BF97-0ACA379C018F}.Release|iPhone.Deploy.0 = Release|iPhone
		{29D79A6E-B4FA-4188-BF97-0ACA379C018F}.Release|iPhoneSimulator.ActiveCfg = Release|iPhoneSimulator
		{29D79A6E-B4FA-4188-BF97-0ACA379C018F}.Release|iPhoneSimulator.Build.0 = Release|iPhoneSimulator
		{29D79A6E-B4FA-4188-BF97-0ACA379C018F}.Release|iPhoneSimulator.Deploy.0 = Release|iPhoneSimulator
		{BA72189B-96A6-4AC9-8F1C-742E9DC38F25}.Debug|Any CPU.ActiveCfg = Debug|Any CPU
		{BA72189B-96A6-4AC9-8F1C-742E9DC38F25}.Debug|Any CPU.Build.0 = Debug|Any CPU
		{BA72189B-96A6-4AC9-8F1C-742E9DC38F25}.Debug|Any CPU.Deploy.0 = Debug|Any CPU
		{BA72189B-96A6-4AC9-8F1C-742E9DC38F25}.Debug|iPhone.ActiveCfg = Debug|Any CPU
		{BA72189B-96A6-4AC9-8F1C-742E9DC38F25}.Debug|iPhone.Build.0 = Debug|Any CPU
		{BA72189B-96A6-4AC9-8F1C-742E9DC38F25}.Debug|iPhone.Deploy.0 = Debug|Any CPU
		{BA72189B-96A6-4AC9-8F1C-742E9DC38F25}.Debug|iPhoneSimulator.ActiveCfg = Debug|Any CPU
		{BA72189B-96A6-4AC9-8F1C-742E9DC38F25}.Debug|iPhoneSimulator.Build.0 = Debug|Any CPU
		{BA72189B-96A6-4AC9-8F1C-742E9DC38F25}.Debug|iPhoneSimulator.Deploy.0 = Debug|Any CPU
		{BA72189B-96A6-4AC9-8F1C-742E9DC38F25}.Release|Any CPU.ActiveCfg = Release|Any CPU
		{BA72189B-96A6-4AC9-8F1C-742E9DC38F25}.Release|Any CPU.Build.0 = Release|Any CPU
		{BA72189B-96A6-4AC9-8F1C-742E9DC38F25}.Release|Any CPU.Deploy.0 = Release|Any CPU
		{BA72189B-96A6-4AC9-8F1C-742E9DC38F25}.Release|iPhone.ActiveCfg = Release|Any CPU
		{BA72189B-96A6-4AC9-8F1C-742E9DC38F25}.Release|iPhone.Build.0 = Release|Any CPU
		{BA72189B-96A6-4AC9-8F1C-742E9DC38F25}.Release|iPhone.Deploy.0 = Release|Any CPU
		{BA72189B-96A6-4AC9-8F1C-742E9DC38F25}.Release|iPhoneSimulator.ActiveCfg = Release|Any CPU
		{BA72189B-96A6-4AC9-8F1C-742E9DC38F25}.Release|iPhoneSimulator.Build.0 = Release|Any CPU
		{BA72189B-96A6-4AC9-8F1C-742E9DC38F25}.Release|iPhoneSimulator.Deploy.0 = Release|Any CPU
	EndGlobalSection
	GlobalSection(SolutionProperties) = preSolution
		HideSolutionNode = FALSE
	EndGlobalSection
	GlobalSection(ExtensibilityGlobals) = postSolution
		SolutionGuid = {5AC6B0AB-2835-4088-AF7A-97FADC578911}
	EndGlobalSection
EndGlobal
